
Microsoft Visual Studio Solution File, Format Version 12.00
# Visual Studio Version 17
VisualStudioVersion = 17.8.34525.116
MinimumVisualStudioVersion = 10.0.40219.1
Project("{FAE04EC0-301F-11D3-BF4B-00C04F79EFBC}") = "TaskPro", "TaskPro\TaskPro.csproj", "{00FD36E4-6EAC-4B0E-BC98-A43B28BBAC85}"
EndProject
Global
	GlobalSection(SolutionConfigurationPlatforms) = preSolution
		Debug|Any CPU = Debug|Any CPU
		Release|Any CPU = Release|Any CPU
	EndGlobalSection
	GlobalSection(ProjectConfigurationPlatforms) = postSolution
		{00FD36E4-6EAC-4B0E-BC98-A43B28BBAC85}.Debug|Any CPU.ActiveCfg = Debug|Any CPU
		{00FD36E4-6EAC-4B0E-BC98-A43B28BBAC85}.Debug|Any CPU.Build.0 = Debug|Any CPU
		{00FD36E4-6EAC-4B0E-BC98-A43B28BBAC85}.Release|Any CPU.ActiveCfg = Release|Any CPU
		{00FD36E4-6EAC-4B0E-BC98-A43B28BBAC85}.Release|Any CPU.Build.0 = Release|Any CPU
	EndGlobalSection
	GlobalSection(SolutionProperties) = preSolution
		HideSolutionNode = FALSE
	EndGlobalSection
	GlobalSection(ExtensibilityGlobals) = postSolution
		SolutionGuid = {201AAF53-2AC3-480A-88DE-ACB4E648A89A}
	EndGlobalSection
EndGlobal
